// !$*UTF8*$!
{
	archiveVersion = 1;
	classes = {
	};
	objectVersion = 50;
	objects = {

/* Begin PBXBuildFile section */
		8E12E32D22DF07C3009422A4 /* AppDelegate.swift in Sources */ = {isa = PBXBuildFile; fileRef = 8E12E32C22DF07C3009422A4 /* AppDelegate.swift */; };
		8E12E32F22DF07C3009422A4 /* art.scnassets in Resources */ = {isa = PBXBuildFile; fileRef = 8E12E32E22DF07C3009422A4 /* art.scnassets */; };
		8E12E33122DF07C3009422A4 /* ViewController.swift in Sources */ = {isa = PBXBuildFile; fileRef = 8E12E33022DF07C3009422A4 /* ViewController.swift */; };
		8E12E33422DF07C3009422A4 /* Main.storyboard in Resources */ = {isa = PBXBuildFile; fileRef = 8E12E33222DF07C3009422A4 /* Main.storyboard */; };
		8E12E33622DF07C6009422A4 /* Assets.xcassets in Resources */ = {isa = PBXBuildFile; fileRef = 8E12E33522DF07C6009422A4 /* Assets.xcassets */; };
		8E12E33922DF07C6009422A4 /* LaunchScreen.storyboard in Resources */ = {isa = PBXBuildFile; fileRef = 8E12E33722DF07C6009422A4 /* LaunchScreen.storyboard */; };
		8E12E34322DF21DE009422A4 /* LaunchScreenController.swift in Sources */ = {isa = PBXBuildFile; fileRef = 8E12E34222DF21DE009422A4 /* LaunchScreenController.swift */; };
		8E12E37022DF2A27009422A4 /* SIL Open Font License.txt in Resources */ = {isa = PBXBuildFile; fileRef = 8E12E34B22DF2A23009422A4 /* SIL Open Font License.txt */; };
		8E12E42822E05FBB009422A4 /* Montserrat-Light.ttf in Resources */ = {isa = PBXBuildFile; fileRef = 8E12E42722E05FBB009422A4 /* Montserrat-Light.ttf */; };
		8E14ED0822E1F32200DE4988 /* CollectionViewCell.swift in Sources */ = {isa = PBXBuildFile; fileRef = 8E14ED0722E1F32200DE4988 /* CollectionViewCell.swift */; };
		8E1AE0D922E5093500E745E0 /* Montserrat-ExtraBold.otf in Resources */ = {isa = PBXBuildFile; fileRef = 8E1AE0D822E4FEE300E745E0 /* Montserrat-ExtraBold.otf */; };
/* End PBXBuildFile section */

/* Begin PBXFileReference section */
		8E12E32922DF07C3009422A4 /* Civom.app */ = {isa = PBXFileReference; explicitFileType = wrapper.application; includeInIndex = 0; path = Civom.app; sourceTree = BUILT_PRODUCTS_DIR; };
		8E12E32C22DF07C3009422A4 /* AppDelegate.swift */ = {isa = PBXFileReference; lastKnownFileType = sourcecode.swift; path = AppDelegate.swift; sourceTree = "<group>"; };
		8E12E32E22DF07C3009422A4 /* art.scnassets */ = {isa = PBXFileReference; lastKnownFileType = wrapper.scnassets; path = art.scnassets; sourceTree = "<group>"; };
		8E12E33022DF07C3009422A4 /* ViewController.swift */ = {isa = PBXFileReference; lastKnownFileType = sourcecode.swift; path = ViewController.swift; sourceTree = "<group>"; };
		8E12E33322DF07C3009422A4 /* Base */ = {isa = PBXFileReference; lastKnownFileType = file.storyboard; name = Base; path = Base.lproj/Main.storyboard; sourceTree = "<group>"; };
		8E12E33522DF07C6009422A4 /* Assets.xcassets */ = {isa = PBXFileReference; lastKnownFileType = folder.assetcatalog; path = Assets.xcassets; sourceTree = "<group>"; };
		8E12E33822DF07C6009422A4 /* Base */ = {isa = PBXFileReference; lastKnownFileType = file.storyboard; name = Base; path = Base.lproj/LaunchScreen.storyboard; sourceTree = "<group>"; };
		8E12E33A22DF07C6009422A4 /* Info.plist */ = {isa = PBXFileReference; lastKnownFileType = text.plist.xml; path = Info.plist; sourceTree = "<group>"; };
		8E12E34222DF21DE009422A4 /* LaunchScreenController.swift */ = {isa = PBXFileReference; lastKnownFileType = sourcecode.swift; path = LaunchScreenController.swift; sourceTree = "<group>"; };
		8E12E34B22DF2A23009422A4 /* SIL Open Font License.txt */ = {isa = PBXFileReference; fileEncoding = 4; lastKnownFileType = text; path = "SIL Open Font License.txt"; sourceTree = "<group>"; };
		8E12E42722E05FBB009422A4 /* Montserrat-Light.ttf */ = {isa = PBXFileReference; lastKnownFileType = file; path = "Montserrat-Light.ttf"; sourceTree = "<group>"; };
		8E14ED0722E1F32200DE4988 /* CollectionViewCell.swift */ = {isa = PBXFileReference; lastKnownFileType = sourcecode.swift; path = CollectionViewCell.swift; sourceTree = "<group>"; };
		8E1AE0D822E4FEE300E745E0 /* Montserrat-ExtraBold.otf */ = {isa = PBXFileReference; lastKnownFileType = file; path = "Montserrat-ExtraBold.otf"; sourceTree = "<group>"; };
/* End PBXFileReference section */

/* Begin PBXFrameworksBuildPhase section */
		8E12E32622DF07C3009422A4 /* Frameworks */ = {
			isa = PBXFrameworksBuildPhase;
			buildActionMask = 2147483647;
			files = (
			);
			runOnlyForDeploymentPostprocessing = 0;
		};
/* End PBXFrameworksBuildPhase section */

/* Begin PBXGroup section */
		8E12E32022DF07C2009422A4 = {
			isa = PBXGroup;
			children = (
				8E12E32B22DF07C3009422A4 /* Civom */,
				8E12E32A22DF07C3009422A4 /* Products */,
			);
			sourceTree = "<group>";
		};
		8E12E32A22DF07C3009422A4 /* Products */ = {
			isa = PBXGroup;
			children = (
				8E12E32922DF07C3009422A4 /* Civom.app */,
			);
			name = Products;
			sourceTree = "<group>";
		};
		8E12E32B22DF07C3009422A4 /* Civom */ = {
			isa = PBXGroup;
			children = (
				8E12E3D822E052B1009422A4 /* font */,
				8E12E34B22DF2A23009422A4 /* SIL Open Font License.txt */,
				8E12E32C22DF07C3009422A4 /* AppDelegate.swift */,
				8E12E32E22DF07C3009422A4 /* art.scnassets */,
				8E12E33022DF07C3009422A4 /* ViewController.swift */,
				8E12E33222DF07C3009422A4 /* Main.storyboard */,
				8E12E33522DF07C6009422A4 /* Assets.xcassets */,
				8E12E33722DF07C6009422A4 /* LaunchScreen.storyboard */,
				8E12E33A22DF07C6009422A4 /* Info.plist */,
				8E12E34222DF21DE009422A4 /* LaunchScreenController.swift */,
				8E14ED0722E1F32200DE4988 /* CollectionViewCell.swift */,
			);
			path = Civom;
			sourceTree = "<group>";
		};
		8E12E3D822E052B1009422A4 /* font */ = {
			isa = PBXGroup;
			children = (
				8E1AE0D822E4FEE300E745E0 /* Montserrat-ExtraBold.otf */,
				8E12E42722E05FBB009422A4 /* Montserrat-Light.ttf */,
			);
			path = font;
			sourceTree = "<group>";
		};
/* End PBXGroup section */

/* Begin PBXNativeTarget section */
		8E12E32822DF07C3009422A4 /* Civom */ = {
			isa = PBXNativeTarget;
			buildConfigurationList = 8E12E33D22DF07C6009422A4 /* Build configuration list for PBXNativeTarget "Civom" */;
			buildPhases = (
				8E12E32522DF07C3009422A4 /* Sources */,
				8E12E32622DF07C3009422A4 /* Frameworks */,
				8E12E32722DF07C3009422A4 /* Resources */,
			);
			buildRules = (
			);
			dependencies = (
			);
			name = Civom;
			productName = Civom;
			productReference = 8E12E32922DF07C3009422A4 /* Civom.app */;
			productType = "com.apple.product-type.application";
		};
/* End PBXNativeTarget section */

/* Begin PBXProject section */
		8E12E32122DF07C2009422A4 /* Project object */ = {
			isa = PBXProject;
			attributes = {
				LastSwiftUpdateCheck = 1020;
				LastUpgradeCheck = 1020;
				ORGANIZATIONNAME = LateralX;
				TargetAttributes = {
					8E12E32822DF07C3009422A4 = {
						CreatedOnToolsVersion = 10.2.1;
					};
				};
			};
			buildConfigurationList = 8E12E32422DF07C2009422A4 /* Build configuration list for PBXProject "Civom" */;
			compatibilityVersion = "Xcode 9.3";
			developmentRegion = en;
			hasScannedForEncodings = 0;
			knownRegions = (
				en,
				Base,
			);
			mainGroup = 8E12E32022DF07C2009422A4;
			productRefGroup = 8E12E32A22DF07C3009422A4 /* Products */;
			projectDirPath = "";
			projectRoot = "";
			targets = (
				8E12E32822DF07C3009422A4 /* Civom */,
			);
		};
/* End PBXProject section */

/* Begin PBXResourcesBuildPhase section */
		8E12E32722DF07C3009422A4 /* Resources */ = {
			isa = PBXResourcesBuildPhase;
			buildActionMask = 2147483647;
			files = (
				8E1AE0D922E5093500E745E0 /* Montserrat-ExtraBold.otf in Resources */,
				8E12E42822E05FBB009422A4 /* Montserrat-Light.ttf in Resources */,
				8E12E32F22DF07C3009422A4 /* art.scnassets in Resources */,
				8E12E33922DF07C6009422A4 /* LaunchScreen.storyboard in Resources */,
				8E12E37022DF2A27009422A4 /* SIL Open Font License.txt in Resources */,
				8E12E33622DF07C6009422A4 /* Assets.xcassets in Resources */,
				8E12E33422DF07C3009422A4 /* Main.storyboard in Resources */,
			);
			runOnlyForDeploymentPostprocessing = 0;
		};
/* End PBXResourcesBuildPhase section */

/* Begin PBXSourcesBuildPhase section */
		8E12E32522DF07C3009422A4 /* Sources */ = {
			isa = PBXSourcesBuildPhase;
			buildActionMask = 2147483647;
			files = (
				8E12E34322DF21DE009422A4 /* LaunchScreenController.swift in Sources */,
				8E12E33122DF07C3009422A4 /* ViewController.swift in Sources */,
				8E14ED0822E1F32200DE4988 /* CollectionViewCell.swift in Sources */,
				8E12E32D22DF07C3009422A4 /* AppDelegate.swift in Sources */,
			);
			runOnlyForDeploymentPostprocessing = 0;
		};
/* End PBXSourcesBuildPhase section */

/* Begin PBXVariantGroup section */
		8E12E33222DF07C3009422A4 /* Main.storyboard */ = {
			isa = PBXVariantGroup;
			children = (
				8E12E33322DF07C3009422A4 /* Base */,
			);
			name = Main.storyboard;
			sourceTree = "<group>";
		};
		8E12E33722DF07C6009422A4 /* LaunchScreen.storyboard */ = {
			isa = PBXVariantGroup;
			children = (
				8E12E33822DF07C6009422A4 /* Base */,
			);
			name = LaunchScreen.storyboard;
			sourceTree = "<group>";
		};
/* End PBXVariantGroup section */

/* Begin XCBuildConfiguration section */
		8E12E33B22DF07C6009422A4 /* Debug */ = {
			isa = XCBuildConfiguration;
			buildSettings = {
				ALWAYS_SEARCH_USER_PATHS = NO;
				CLANG_ANALYZER_NONNULL = YES;
				CLANG_ANALYZER_NUMBER_OBJECT_CONVERSION = YES_AGGRESSIVE;
				CLANG_CXX_LANGUAGE_STANDARD = "gnu++14";
				CLANG_CXX_LIBRARY = "libc++";
				CLANG_ENABLE_MODULES = YES;
				CLANG_ENABLE_OBJC_ARC = YES;
				CLANG_ENABLE_OBJC_WEAK = YES;
				CLANG_WARN_BLOCK_CAPTURE_AUTORELEASING = YES;
				CLANG_WARN_BOOL_CONVERSION = YES;
				CLANG_WARN_COMMA = YES;
				CLANG_WARN_CONSTANT_CONVERSION = YES;
				CLANG_WARN_DEPRECATED_OBJC_IMPLEMENTATIONS = YES;
				CLANG_WARN_DIRECT_OBJC_ISA_USAGE = YES_ERROR;
				CLANG_WARN_DOCUMENTATION_COMMENTS = YES;
				CLANG_WARN_EMPTY_BODY = YES;
				CLANG_WARN_ENUM_CONVERSION = YES;
				CLANG_WARN_INFINITE_RECURSION = YES;
				CLANG_WARN_INT_CONVERSION = YES;
				CLANG_WARN_NON_LITERAL_NULL_CONVERSION = YES;
				CLANG_WARN_OBJC_IMPLICIT_RETAIN_SELF = YES;
				CLANG_WARN_OBJC_LITERAL_CONVERSION = YES;
				CLANG_WARN_OBJC_ROOT_CLASS = YES_ERROR;
				CLANG_WARN_RANGE_LOOP_ANALYSIS = YES;
				CLANG_WARN_STRICT_PROTOTYPES = YES;
				CLANG_WARN_SUSPICIOUS_MOVE = YES;
				CLANG_WARN_UNGUARDED_AVAILABILITY = YES_AGGRESSIVE;
				CLANG_WARN_UNREACHABLE_CODE = YES;
				CLANG_WARN__DUPLICATE_METHOD_MATCH = YES;
				CODE_SIGN_IDENTITY = "iPhone Developer";
				COPY_PHASE_STRIP = NO;
				DEBUG_INFORMATION_FORMAT = dwarf;
				ENABLE_STRICT_OBJC_MSGSEND = YES;
				ENABLE_TESTABILITY = YES;
				GCC_C_LANGUAGE_STANDARD = gnu11;
				GCC_DYNAMIC_NO_PIC = NO;
				GCC_NO_COMMON_BLOCKS = YES;
				GCC_OPTIMIZATION_LEVEL = 0;
				GCC_PREPROCESSOR_DEFINITIONS = (
					"DEBUG=1",
					"$(inherited)",
				);
				GCC_WARN_64_TO_32_BIT_CONVERSION = YES;
				GCC_WARN_ABOUT_RETURN_TYPE = YES_ERROR;
				GCC_WARN_UNDECLARED_SELECTOR = YES;
				GCC_WARN_UNINITIALIZED_AUTOS = YES_AGGRESSIVE;
				GCC_WARN_UNUSED_FUNCTION = YES;
				GCC_WARN_UNUSED_VARIABLE = YES;
				IPHONEOS_DEPLOYMENT_TARGET = 12.2;
				MTL_ENABLE_DEBUG_INFO = INCLUDE_SOURCE;
				MTL_FAST_MATH = YES;
				ONLY_ACTIVE_ARCH = YES;
				SDKROOT = iphoneos;
				SWIFT_ACTIVE_COMPILATION_CONDITIONS = DEBUG;
				SWIFT_OPTIMIZATION_LEVEL = "-Onone";
			};
			name = Debug;
		};
		8E12E33C22DF07C6009422A4 /* Release */ = {
			isa = XCBuildConfiguration;
			buildSettings = {
				ALWAYS_SEARCH_USER_PATHS = NO;
				CLANG_ANALYZER_NONNULL = YES;
				CLANG_ANALYZER_NUMBER_OBJECT_CONVERSION = YES_AGGRESSIVE;
				CLANG_CXX_LANGUAGE_STANDARD = "gnu++14";
				CLANG_CXX_LIBRARY = "libc++";
				CLANG_ENABLE_MODULES = YES;
				CLANG_ENABLE_OBJC_ARC = YES;
				CLANG_ENABLE_OBJC_WEAK = YES;
				CLANG_WARN_BLOCK_CAPTURE_AUTORELEASING = YES;
				CLANG_WARN_BOOL_CONVERSION = YES;
				CLANG_WARN_COMMA = YES;
				CLANG_WARN_CONSTANT_CONVERSION = YES;
				CLANG_WARN_DEPRECATED_OBJC_IMPLEMENTATIONS = YES;
				CLANG_WARN_DIRECT_OBJC_ISA_USAGE = YES_ERROR;
				CLANG_WARN_DOCUMENTATION_COMMENTS = YES;
				CLANG_WARN_EMPTY_BODY = YES;
				CLANG_WARN_ENUM_CONVERSION = YES;
				CLANG_WARN_INFINITE_RECURSION = YES;
				CLANG_WARN_INT_CONVERSION = YES;
				CLANG_WARN_NON_LITERAL_NULL_CONVERSION = YES;
				CLANG_WARN_OBJC_IMPLICIT_RETAIN_SELF = YES;
				CLANG_WARN_OBJC_LITERAL_CONVERSION = YES;
				CLANG_WARN_OBJC_ROOT_CLASS = YES_ERROR;
				CLANG_WARN_RANGE_LOOP_ANALYSIS = YES;
				CLANG_WARN_STRICT_PROTOTYPES = YES;
				CLANG_WARN_SUSPICIOUS_MOVE = YES;
				CLANG_WARN_UNGUARDED_AVAILABILITY = YES_AGGRESSIVE;
				CLANG_WARN_UNREACHABLE_CODE = YES;
				CLANG_WARN__DUPLICATE_METHOD_MATCH = YES;
				CODE_SIGN_IDENTITY = "iPhone Developer";
				COPY_PHASE_STRIP = NO;
				DEBUG_INFORMATION_FORMAT = "dwarf-with-dsym";
				ENABLE_NS_ASSERTIONS = NO;
				ENABLE_STRICT_OBJC_MSGSEND = YES;
				GCC_C_LANGUAGE_STANDARD = gnu11;
				GCC_NO_COMMON_BLOCKS = YES;
				GCC_WARN_64_TO_32_BIT_CONVERSION = YES;
				GCC_WARN_ABOUT_RETURN_TYPE = YES_ERROR;
				GCC_WARN_UNDECLARED_SELECTOR = YES;
				GCC_WARN_UNINITIALIZED_AUTOS = YES_AGGRESSIVE;
				GCC_WARN_UNUSED_FUNCTION = YES;
				GCC_WARN_UNUSED_VARIABLE = YES;
				IPHONEOS_DEPLOYMENT_TARGET = 12.2;
				MTL_ENABLE_DEBUG_INFO = NO;
				MTL_FAST_MATH = YES;
				SDKROOT = iphoneos;
				SWIFT_COMPILATION_MODE = wholemodule;
				SWIFT_OPTIMIZATION_LEVEL = "-O";
				VALIDATE_PRODUCT = YES;
			};
			name = Release;
		};
		8E12E33E22DF07C6009422A4 /* Debug */ = {
			isa = XCBuildConfiguration;
			buildSettings = {
				ASSETCATALOG_COMPILER_APPICON_NAME = AppIcon;
				CODE_SIGN_STYLE = Automatic;
				DEVELOPMENT_TEAM = 58C5ZB5P4Q;
				INFOPLIST_FILE = Civom/Info.plist;
				IPHONEOS_DEPLOYMENT_TARGET = 12.0;
				LD_RUNPATH_SEARCH_PATHS = (
					"$(inherited)",
					"@executable_path/Frameworks",
				);
				PRODUCT_BUNDLE_IDENTIFIER = com.lateralx.civom.Civom;
				PRODUCT_NAME = "$(TARGET_NAME)";
				SWIFT_VERSION = 5.0;
				TARGETED_DEVICE_FAMILY = "1,2";
			};
			name = Debug;
		};
		8E12E33F22DF07C6009422A4 /* Release */ = {
			isa = XCBuildConfiguration;
			buildSettings = {
				ASSETCATALOG_COMPILER_APPICON_NAME = AppIcon;
				CODE_SIGN_STYLE = Automatic;
				DEVELOPMENT_TEAM = 58C5ZB5P4Q;
				INFOPLIST_FILE = Civom/Info.plist;
				IPHONEOS_DEPLOYMENT_TARGET = 12.0;
				LD_RUNPATH_SEARCH_PATHS = (
					"$(inherited)",
					"@executable_path/Frameworks",
				);
				PRODUCT_BUNDLE_IDENTIFIER = com.lateralx.civom.Civom;
				PRODUCT_NAME = "$(TARGET_NAME)";
				SWIFT_VERSION = 5.0;
				TARGETED_DEVICE_FAMILY = "1,2";
			};
			name = Release;
		};
/* End XCBuildConfiguration section */

/* Begin XCConfigurationList section */
		8E12E32422DF07C2009422A4 /* Build configuration list for PBXProject "Civom" */ = {
			isa = XCConfigurationList;
			buildConfigurations = (
				8E12E33B22DF07C6009422A4 /* Debug */,
				8E12E33C22DF07C6009422A4 /* Release */,
			);
			defaultConfigurationIsVisible = 0;
			defaultConfigurationName = Release;
		};
		8E12E33D22DF07C6009422A4 /* Build configuration list for PBXNativeTarget "Civom" */ = {
			isa = XCConfigurationList;
			buildConfigurations = (
				8E12E33E22DF07C6009422A4 /* Debug */,
				8E12E33F22DF07C6009422A4 /* Release */,
			);
			defaultConfigurationIsVisible = 0;
			defaultConfigurationName = Release;
		};
/* End XCConfigurationList section */
	};
	rootObject = 8E12E32122DF07C2009422A4 /* Project object */;
}
